
Microsoft Visual Studio Solution File, Format Version 12.00
# Visual Studio Version 17
VisualStudioVersion = 17.4.33205.214
MinimumVisualStudioVersion = 10.0.40219.1
Project("{9A19103F-16F7-4668-BE54-9A1E7A4F7556}") = "SecurityProject", "SecurityProject.csproj", "{C978E808-5465-444A-A8B3-CC40CF429632}"
EndProject
Global
	GlobalSection(SolutionConfigurationPlatforms) = preSolution
		Debug|Any CPU = Debug|Any CPU
		Release|Any CPU = Release|Any CPU
	EndGlobalSection
	GlobalSection(ProjectConfigurationPlatforms) = postSolution
		{C978E808-5465-444A-A8B3-CC40CF429632}.Debug|Any CPU.ActiveCfg = Debug|Any CPU
		{C978E808-5465-444A-A8B3-CC40CF429632}.Debug|Any CPU.Build.0 = Debug|Any CPU
		{C978E808-5465-444A-A8B3-CC40CF429632}.Release|Any CPU.ActiveCfg = Release|Any CPU
		{C978E808-5465-444A-A8B3-CC40CF429632}.Release|Any CPU.Build.0 = Release|Any CPU
	EndGlobalSection
	GlobalSection(SolutionProperties) = preSolution
		HideSolutionNode = FALSE
	EndGlobalSection
	GlobalSection(ExtensibilityGlobals) = postSolution
		SolutionGuid = {7B95AD6F-85C6-47B6-95C3-942845C830A6}
	EndGlobalSection
EndGlobal
